
Microsoft Visual Studio Solution File, Format Version 12.00
# Visual Studio Version 16
VisualStudioVersion = 16.0.30804.86
MinimumVisualStudioVersion = 10.0.40219.1
Project("{FAE04EC0-301F-11D3-BF4B-00C04F79EFBC}") = "value_type_referens_type", "value_type_referens_type\value_type_referens_type.csproj", "{529EB278-2E40-42FE-B036-CD56198A2B64}"
EndProject
Project("{FAE04EC0-301F-11D3-BF4B-00C04F79EFBC}") = "constructers", "constructers\constructers.csproj", "{0CCAADAC-6C6E-49EF-8CCC-492925AA0FAE}"
EndProject
Global
	GlobalSection(SolutionConfigurationPlatforms) = preSolution
		Debug|Any CPU = Debug|Any CPU
		Release|Any CPU = Release|Any CPU
	EndGlobalSection
	GlobalSection(ProjectConfigurationPlatforms) = postSolution
		{529EB278-2E40-42FE-B036-CD56198A2B64}.Debug|Any CPU.ActiveCfg = Debug|Any CPU
		{529EB278-2E40-42FE-B036-CD56198A2B64}.Debug|Any CPU.Build.0 = Debug|Any CPU
		{529EB278-2E40-42FE-B036-CD56198A2B64}.Release|Any CPU.ActiveCfg = Release|Any CPU
		{529EB278-2E40-42FE-B036-CD56198A2B64}.Release|Any CPU.Build.0 = Release|Any CPU
		{0CCAADAC-6C6E-49EF-8CCC-492925AA0FAE}.Debug|Any CPU.ActiveCfg = Debug|Any CPU
		{0CCAADAC-6C6E-49EF-8CCC-492925AA0FAE}.Debug|Any CPU.Build.0 = Debug|Any CPU
		{0CCAADAC-6C6E-49EF-8CCC-492925AA0FAE}.Release|Any CPU.ActiveCfg = Release|Any CPU
		{0CCAADAC-6C6E-49EF-8CCC-492925AA0FAE}.Release|Any CPU.Build.0 = Release|Any CPU
	EndGlobalSection
	GlobalSection(SolutionProperties) = preSolution
		HideSolutionNode = FALSE
	EndGlobalSection
	GlobalSection(ExtensibilityGlobals) = postSolution
		SolutionGuid = {93BB4EC1-A417-4330-AAB6-98746B9B2EF8}
	EndGlobalSection
EndGlobal
